
Microsoft Visual Studio Solution File, Format Version 12.00
# Visual Studio Version 16
VisualStudioVersion = 16.0.31605.320
MinimumVisualStudioVersion = 10.0.40219.1
Project("{FAE04EC0-301F-11D3-BF4B-00C04F79EFBC}") = "Planet OOP", "Planet OOP\Planet OOP.csproj", "{7974740A-CFA2-491E-9E8E-C592C570A4B6}"
EndProject
Global
	GlobalSection(SolutionConfigurationPlatforms) = preSolution
		Debug|Any CPU = Debug|Any CPU
		Release|Any CPU = Release|Any CPU
	EndGlobalSection
	GlobalSection(ProjectConfigurationPlatforms) = postSolution
		{7974740A-CFA2-491E-9E8E-C592C570A4B6}.Debug|Any CPU.ActiveCfg = Debug|Any CPU
		{7974740A-CFA2-491E-9E8E-C592C570A4B6}.Debug|Any CPU.Build.0 = Debug|Any CPU
		{7974740A-CFA2-491E-9E8E-C592C570A4B6}.Release|Any CPU.ActiveCfg = Release|Any CPU
		{7974740A-CFA2-491E-9E8E-C592C570A4B6}.Release|Any CPU.Build.0 = Release|Any CPU
	EndGlobalSection
	GlobalSection(SolutionProperties) = preSolution
		HideSolutionNode = FALSE
	EndGlobalSection
	GlobalSection(ExtensibilityGlobals) = postSolution
		SolutionGuid = {B2CDAD09-0773-428D-B082-58D289291516}
	EndGlobalSection
EndGlobal
